
Microsoft Visual Studio Solution File, Format Version 12.00
# Visual Studio Version 17
VisualStudioVersion = 17.6.33829.357
MinimumVisualStudioVersion = 10.0.40219.1
Project("{FAE04EC0-301F-11D3-BF4B-00C04F79EFBC}") = "BankApplication", "BankApplication\BankApplication.csproj", "{F02EEF1F-EDD4-4EDA-9EC5-CCF63DC7E8DA}"
EndProject
Global
	GlobalSection(SolutionConfigurationPlatforms) = preSolution
		Debug|Any CPU = Debug|Any CPU
		Release|Any CPU = Release|Any CPU
	EndGlobalSection
	GlobalSection(ProjectConfigurationPlatforms) = postSolution
		{F02EEF1F-EDD4-4EDA-9EC5-CCF63DC7E8DA}.Debug|Any CPU.ActiveCfg = Debug|Any CPU
		{F02EEF1F-EDD4-4EDA-9EC5-CCF63DC7E8DA}.Debug|Any CPU.Build.0 = Debug|Any CPU
		{F02EEF1F-EDD4-4EDA-9EC5-CCF63DC7E8DA}.Release|Any CPU.ActiveCfg = Release|Any CPU
		{F02EEF1F-EDD4-4EDA-9EC5-CCF63DC7E8DA}.Release|Any CPU.Build.0 = Release|Any CPU
	EndGlobalSection
	GlobalSection(SolutionProperties) = preSolution
		HideSolutionNode = FALSE
	EndGlobalSection
	GlobalSection(ExtensibilityGlobals) = postSolution
		SolutionGuid = {BBC21B29-04AE-47F5-AF72-26F89397FA88}
	EndGlobalSection
EndGlobal
